
Microsoft Visual Studio Solution File, Format Version 12.00
# Visual Studio Version 16
VisualStudioVersion = 16.0.30413.136
MinimumVisualStudioVersion = 10.0.40219.1
Project("{FAE04EC0-301F-11D3-BF4B-00C04F79EFBC}") = "Othello", "Othello\Othello.csproj", "{9F34F259-3396-4906-BD3C-25F3180E468B}"
EndProject
Global
	GlobalSection(SolutionConfigurationPlatforms) = preSolution
		Debug|Any CPU = Debug|Any CPU
		Release|Any CPU = Release|Any CPU
	EndGlobalSection
	GlobalSection(ProjectConfigurationPlatforms) = postSolution
		{9F34F259-3396-4906-BD3C-25F3180E468B}.Debug|Any CPU.ActiveCfg = Debug|Any CPU
		{9F34F259-3396-4906-BD3C-25F3180E468B}.Debug|Any CPU.Build.0 = Debug|Any CPU
		{9F34F259-3396-4906-BD3C-25F3180E468B}.Release|Any CPU.ActiveCfg = Release|Any CPU
		{9F34F259-3396-4906-BD3C-25F3180E468B}.Release|Any CPU.Build.0 = Release|Any CPU
	EndGlobalSection
	GlobalSection(SolutionProperties) = preSolution
		HideSolutionNode = FALSE
	EndGlobalSection
	GlobalSection(ExtensibilityGlobals) = postSolution
		SolutionGuid = {EA2FE76C-C83B-44F0-91F1-C3D9C994421A}
	EndGlobalSection
EndGlobal
